
Microsoft Visual Studio Solution File, Format Version 12.00
# Visual Studio Version 17
VisualStudioVersion = 17.2.32616.157
MinimumVisualStudioVersion = 10.0.40219.1
Project("{9A19103F-16F7-4668-BE54-9A1E7A4F7556}") = "BudgetApi", "..\..\OneStreamApis\BudgetApi\BudgetApi.csproj", "{B41428F8-BD69-4325-9D41-627390245BEC}"
EndProject
Project("{9A19103F-16F7-4668-BE54-9A1E7A4F7556}") = "CPMFrontendApi", "..\..\OneStreamApis\CPMFrontendApi\CPMFrontendApi.csproj", "{B746122D-F3BB-49D8-A9CE-9D8948C7DC73}"
EndProject
Project("{9A19103F-16F7-4668-BE54-9A1E7A4F7556}") = "ReportingApi", "..\..\OneStreamApis\ReportingApi\ReportingApi.csproj", "{28055400-1191-4FAD-8496-73D5172DD95F}"
EndProject
Project("{9A19103F-16F7-4668-BE54-9A1E7A4F7556}") = "SharedModels", "..\..\OneStreamApis\SharedModels\SharedModels.csproj", "{D02E4E84-D895-4D7B-95B4-F660DE268D02}"
EndProject
Global
	GlobalSection(SolutionConfigurationPlatforms) = preSolution
		Debug|Any CPU = Debug|Any CPU
		Release|Any CPU = Release|Any CPU
	EndGlobalSection
	GlobalSection(ProjectConfigurationPlatforms) = postSolution
		{B41428F8-BD69-4325-9D41-627390245BEC}.Debug|Any CPU.ActiveCfg = Debug|Any CPU
		{B41428F8-BD69-4325-9D41-627390245BEC}.Debug|Any CPU.Build.0 = Debug|Any CPU
		{B41428F8-BD69-4325-9D41-627390245BEC}.Release|Any CPU.ActiveCfg = Release|Any CPU
		{B41428F8-BD69-4325-9D41-627390245BEC}.Release|Any CPU.Build.0 = Release|Any CPU
		{B746122D-F3BB-49D8-A9CE-9D8948C7DC73}.Debug|Any CPU.ActiveCfg = Debug|Any CPU
		{B746122D-F3BB-49D8-A9CE-9D8948C7DC73}.Debug|Any CPU.Build.0 = Debug|Any CPU
		{B746122D-F3BB-49D8-A9CE-9D8948C7DC73}.Release|Any CPU.ActiveCfg = Release|Any CPU
		{B746122D-F3BB-49D8-A9CE-9D8948C7DC73}.Release|Any CPU.Build.0 = Release|Any CPU
		{28055400-1191-4FAD-8496-73D5172DD95F}.Debug|Any CPU.ActiveCfg = Debug|Any CPU
		{28055400-1191-4FAD-8496-73D5172DD95F}.Debug|Any CPU.Build.0 = Debug|Any CPU
		{28055400-1191-4FAD-8496-73D5172DD95F}.Release|Any CPU.ActiveCfg = Release|Any CPU
		{28055400-1191-4FAD-8496-73D5172DD95F}.Release|Any CPU.Build.0 = Release|Any CPU
		{D02E4E84-D895-4D7B-95B4-F660DE268D02}.Debug|Any CPU.ActiveCfg = Debug|Any CPU
		{D02E4E84-D895-4D7B-95B4-F660DE268D02}.Debug|Any CPU.Build.0 = Debug|Any CPU
		{D02E4E84-D895-4D7B-95B4-F660DE268D02}.Release|Any CPU.ActiveCfg = Release|Any CPU
		{D02E4E84-D895-4D7B-95B4-F660DE268D02}.Release|Any CPU.Build.0 = Release|Any CPU
	EndGlobalSection
	GlobalSection(SolutionProperties) = preSolution
		HideSolutionNode = FALSE
	EndGlobalSection
	GlobalSection(ExtensibilityGlobals) = postSolution
		SolutionGuid = {A6439B96-433A-4293-B7DF-802A05F59E78}
	EndGlobalSection
EndGlobal
